
Microsoft Visual Studio Solution File, Format Version 12.00
# Visual Studio Version 16
VisualStudioVersion = 16.0.30717.126
MinimumVisualStudioVersion = 10.0.40219.1
Project("{FAE04EC0-301F-11D3-BF4B-00C04F79EFBC}") = "OpenCVSharper", "OpenCVSharper\OpenCVSharper.csproj", "{88F30669-CF4F-4D4E-A6FE-32A4290E0F4A}"
EndProject
Global
	GlobalSection(SolutionConfigurationPlatforms) = preSolution
		Debug|Any CPU = Debug|Any CPU
		Release|Any CPU = Release|Any CPU
	EndGlobalSection
	GlobalSection(ProjectConfigurationPlatforms) = postSolution
		{88F30669-CF4F-4D4E-A6FE-32A4290E0F4A}.Debug|Any CPU.ActiveCfg = Debug|Any CPU
		{88F30669-CF4F-4D4E-A6FE-32A4290E0F4A}.Debug|Any CPU.Build.0 = Debug|Any CPU
		{88F30669-CF4F-4D4E-A6FE-32A4290E0F4A}.Release|Any CPU.ActiveCfg = Release|Any CPU
		{88F30669-CF4F-4D4E-A6FE-32A4290E0F4A}.Release|Any CPU.Build.0 = Release|Any CPU
	EndGlobalSection
	GlobalSection(SolutionProperties) = preSolution
		HideSolutionNode = FALSE
	EndGlobalSection
	GlobalSection(ExtensibilityGlobals) = postSolution
		SolutionGuid = {732D2EE4-45B1-46E2-8021-6721A40F19A2}
	EndGlobalSection
EndGlobal
