
Microsoft Visual Studio Solution File, Format Version 12.00
# Visual Studio Version 16
VisualStudioVersion = 16.0.30907.101
MinimumVisualStudioVersion = 10.0.40219.1
Project("{FAE04EC0-301F-11D3-BF4B-00C04F79EFBC}") = "Aprheua", "Aprheua.csproj", "{E036FF58-E75D-4F7D-AD35-33059983D7EE}"
EndProject
Project("{2150E333-8FDC-42A3-9474-1A3956D46DE8}") = "Solution Items", "Solution Items", "{4A41AD4D-C756-4C9F-AFF2-D04B696134E4}"
	ProjectSection(SolutionItems) = preProject
		.editorconfig = .editorconfig
	EndProjectSection
EndProject
Global
	GlobalSection(SolutionConfigurationPlatforms) = preSolution
		Debug|Any CPU = Debug|Any CPU
		Release|Any CPU = Release|Any CPU
	EndGlobalSection
	GlobalSection(ProjectConfigurationPlatforms) = postSolution
		{E036FF58-E75D-4F7D-AD35-33059983D7EE}.Debug|Any CPU.ActiveCfg = Debug|Any CPU
		{E036FF58-E75D-4F7D-AD35-33059983D7EE}.Debug|Any CPU.Build.0 = Debug|Any CPU
		{E036FF58-E75D-4F7D-AD35-33059983D7EE}.Release|Any CPU.ActiveCfg = Release|Any CPU
		{E036FF58-E75D-4F7D-AD35-33059983D7EE}.Release|Any CPU.Build.0 = Release|Any CPU
	EndGlobalSection
	GlobalSection(SolutionProperties) = preSolution
		HideSolutionNode = FALSE
	EndGlobalSection
	GlobalSection(ExtensibilityGlobals) = postSolution
		SolutionGuid = {429D8AF7-02B4-4C34-B418-A1B75B5467C4}
	EndGlobalSection
EndGlobal
